
Microsoft Visual Studio Solution File, Format Version 12.00
# Visual Studio Version 16
VisualStudioVersion = 16.0.30011.22
MinimumVisualStudioVersion = 10.0.40219.1
Project("{8BC9CEB8-8B4A-11D0-8D11-00A0C91BC942}") = "cs235_BST", "cs235_BST\cs235_BST.vcxproj", "{DDAEDEAA-D41B-4F9F-90A9-EE0D7C73D1A3}"
EndProject
Global
	GlobalSection(SolutionConfigurationPlatforms) = preSolution
		Debug|x64 = Debug|x64
		Debug|x86 = Debug|x86
		Release|x64 = Release|x64
		Release|x86 = Release|x86
	EndGlobalSection
	GlobalSection(ProjectConfigurationPlatforms) = postSolution
		{DDAEDEAA-D41B-4F9F-90A9-EE0D7C73D1A3}.Debug|x64.ActiveCfg = Debug|x64
		{DDAEDEAA-D41B-4F9F-90A9-EE0D7C73D1A3}.Debug|x64.Build.0 = Debug|x64
		{DDAEDEAA-D41B-4F9F-90A9-EE0D7C73D1A3}.Debug|x86.ActiveCfg = Debug|Win32
		{DDAEDEAA-D41B-4F9F-90A9-EE0D7C73D1A3}.Debug|x86.Build.0 = Debug|Win32
		{DDAEDEAA-D41B-4F9F-90A9-EE0D7C73D1A3}.Release|x64.ActiveCfg = Release|x64
		{DDAEDEAA-D41B-4F9F-90A9-EE0D7C73D1A3}.Release|x64.Build.0 = Release|x64
		{DDAEDEAA-D41B-4F9F-90A9-EE0D7C73D1A3}.Release|x86.ActiveCfg = Release|Win32
		{DDAEDEAA-D41B-4F9F-90A9-EE0D7C73D1A3}.Release|x86.Build.0 = Release|Win32
	EndGlobalSection
	GlobalSection(SolutionProperties) = preSolution
		HideSolutionNode = FALSE
	EndGlobalSection
	GlobalSection(ExtensibilityGlobals) = postSolution
		SolutionGuid = {6B9296EB-BFAA-4BAC-B4CE-70252E2ABE73}
	EndGlobalSection
EndGlobal
