
Microsoft Visual Studio Solution File, Format Version 12.00
# Visual Studio Version 16
VisualStudioVersion = 16.0.30011.22
MinimumVisualStudioVersion = 10.0.40219.1
Project("{8BC9CEB8-8B4A-11D0-8D11-00A0C91BC942}") = "cs235_vector", "cs235_vector\cs235_vector.vcxproj", "{B7386871-31DE-4416-B31A-8DF67ABC1C41}"
EndProject
Global
	GlobalSection(SolutionConfigurationPlatforms) = preSolution
		Debug|x64 = Debug|x64
		Debug|x86 = Debug|x86
		Release|x64 = Release|x64
		Release|x86 = Release|x86
	EndGlobalSection
	GlobalSection(ProjectConfigurationPlatforms) = postSolution
		{B7386871-31DE-4416-B31A-8DF67ABC1C41}.Debug|x64.ActiveCfg = Debug|x64
		{B7386871-31DE-4416-B31A-8DF67ABC1C41}.Debug|x64.Build.0 = Debug|x64
		{B7386871-31DE-4416-B31A-8DF67ABC1C41}.Debug|x86.ActiveCfg = Debug|Win32
		{B7386871-31DE-4416-B31A-8DF67ABC1C41}.Debug|x86.Build.0 = Debug|Win32
		{B7386871-31DE-4416-B31A-8DF67ABC1C41}.Release|x64.ActiveCfg = Release|x64
		{B7386871-31DE-4416-B31A-8DF67ABC1C41}.Release|x64.Build.0 = Release|x64
		{B7386871-31DE-4416-B31A-8DF67ABC1C41}.Release|x86.ActiveCfg = Release|Win32
		{B7386871-31DE-4416-B31A-8DF67ABC1C41}.Release|x86.Build.0 = Release|Win32
	EndGlobalSection
	GlobalSection(SolutionProperties) = preSolution
		HideSolutionNode = FALSE
	EndGlobalSection
	GlobalSection(ExtensibilityGlobals) = postSolution
		SolutionGuid = {FEFF7C75-E9CE-44A4-957C-BE8DB3D570A4}
	EndGlobalSection
EndGlobal
